
Microsoft Visual Studio Solution File, Format Version 12.00
# Visual Studio 14
VisualStudioVersion = 14.0.25123.0
MinimumVisualStudioVersion = 10.0.40219.1
Project("{FAE04EC0-301F-11D3-BF4B-00C04F79EFBC}") = "PasswordChecker", "PasswordChecker\PasswordChecker.csproj", "{97B6163A-28FB-43C1-8A1D-5D7AE5BCC96E}"
EndProject
Project("{FAE04EC0-301F-11D3-BF4B-00C04F79EFBC}") = "PasswordChecker.Tests", "PasswordChecker.Tests\PasswordChecker.Tests.csproj", "{FD5B4CAD-7723-41F5-AF06-DBE7BC45208F}"
EndProject
Global
	GlobalSection(SolutionConfigurationPlatforms) = preSolution
		Debug|Any CPU = Debug|Any CPU
		Release|Any CPU = Release|Any CPU
	EndGlobalSection
	GlobalSection(ProjectConfigurationPlatforms) = postSolution
		{97B6163A-28FB-43C1-8A1D-5D7AE5BCC96E}.Debug|Any CPU.ActiveCfg = Debug|Any CPU
		{97B6163A-28FB-43C1-8A1D-5D7AE5BCC96E}.Debug|Any CPU.Build.0 = Debug|Any CPU
		{97B6163A-28FB-43C1-8A1D-5D7AE5BCC96E}.Release|Any CPU.ActiveCfg = Release|Any CPU
		{97B6163A-28FB-43C1-8A1D-5D7AE5BCC96E}.Release|Any CPU.Build.0 = Release|Any CPU
		{FD5B4CAD-7723-41F5-AF06-DBE7BC45208F}.Debug|Any CPU.ActiveCfg = Debug|Any CPU
		{FD5B4CAD-7723-41F5-AF06-DBE7BC45208F}.Debug|Any CPU.Build.0 = Debug|Any CPU
		{FD5B4CAD-7723-41F5-AF06-DBE7BC45208F}.Release|Any CPU.ActiveCfg = Release|Any CPU
		{FD5B4CAD-7723-41F5-AF06-DBE7BC45208F}.Release|Any CPU.Build.0 = Release|Any CPU
	EndGlobalSection
	GlobalSection(SolutionProperties) = preSolution
		HideSolutionNode = FALSE
	EndGlobalSection
EndGlobal
